// !$*UTF8*$!
{
	archiveVersion = 1;
	classes = {
	};
	objectVersion = 50;
	objects = {

/* Begin PBXBuildFile section */
		2EB3A23A268C633800DE3C8D /* Localizable.strings in Resources */ = {isa = PBXBuildFile; fileRef = 2EB3A239268C633800DE3C8D /* Localizable.strings */; };
		2EB3A23E268C638F00DE3C8D /* Strings-Gen.swift in Sources */ = {isa = PBXBuildFile; fileRef = 2EB3A23C268C638F00DE3C8D /* Strings-Gen.swift */; };
		2EB3A23F268C638F00DE3C8D /* Assets-Gen.swift in Sources */ = {isa = PBXBuildFile; fileRef = 2EB3A23D268C638F00DE3C8D /* Assets-Gen.swift */; };
		2EB77F8D2685B0B900E8C536 /* LearnSwiftUIApp.swift in Sources */ = {isa = PBXBuildFile; fileRef = 2EB77F8C2685B0B900E8C536 /* LearnSwiftUIApp.swift */; };
		2EB77F8F2685B0B900E8C536 /* ContentView.swift in Sources */ = {isa = PBXBuildFile; fileRef = 2EB77F8E2685B0B900E8C536 /* ContentView.swift */; };
		2EB77F912685B0BB00E8C536 /* Assets.xcassets in Resources */ = {isa = PBXBuildFile; fileRef = 2EB77F902685B0BB00E8C536 /* Assets.xcassets */; };
		2EB77F942685B0BB00E8C536 /* Preview Assets.xcassets in Resources */ = {isa = PBXBuildFile; fileRef = 2EB77F932685B0BB00E8C536 /* Preview Assets.xcassets */; };
		9F324F0036CA0BBF6D8A3F82 /* Pods_LearnSwiftUI.framework in Frameworks */ = {isa = PBXBuildFile; fileRef = 32B63DAB7B9546C3F5CB18F5 /* Pods_LearnSwiftUI.framework */; };
/* End PBXBuildFile section */

/* Begin PBXFileReference section */
		283A530C75BD4A8AD13355F3 /* Pods-LearnSwiftUI.debug.xcconfig */ = {isa = PBXFileReference; includeInIndex = 1; lastKnownFileType = text.xcconfig; name = "Pods-LearnSwiftUI.debug.xcconfig"; path = "Target Support Files/Pods-LearnSwiftUI/Pods-LearnSwiftUI.debug.xcconfig"; sourceTree = "<group>"; };
		2EB3A235268C602C00DE3C8D /* swiftgen.yml */ = {isa = PBXFileReference; lastKnownFileType = text.yaml; path = swiftgen.yml; sourceTree = "<group>"; };
		2EB3A239268C633800DE3C8D /* Localizable.strings */ = {isa = PBXFileReference; lastKnownFileType = text.plist.strings; path = Localizable.strings; sourceTree = "<group>"; };
		2EB3A23C268C638F00DE3C8D /* Strings-Gen.swift */ = {isa = PBXFileReference; fileEncoding = 4; lastKnownFileType = sourcecode.swift; path = "Strings-Gen.swift"; sourceTree = "<group>"; };
		2EB3A23D268C638F00DE3C8D /* Assets-Gen.swift */ = {isa = PBXFileReference; fileEncoding = 4; lastKnownFileType = sourcecode.swift; path = "Assets-Gen.swift"; sourceTree = "<group>"; };
		2EB77F892685B0B900E8C536 /* LearnSwiftUI.app */ = {isa = PBXFileReference; explicitFileType = wrapper.application; includeInIndex = 0; path = LearnSwiftUI.app; sourceTree = BUILT_PRODUCTS_DIR; };
		2EB77F8C2685B0B900E8C536 /* LearnSwiftUIApp.swift */ = {isa = PBXFileReference; lastKnownFileType = sourcecode.swift; path = LearnSwiftUIApp.swift; sourceTree = "<group>"; };
		2EB77F8E2685B0B900E8C536 /* ContentView.swift */ = {isa = PBXFileReference; lastKnownFileType = sourcecode.swift; path = ContentView.swift; sourceTree = "<group>"; };
		2EB77F902685B0BB00E8C536 /* Assets.xcassets */ = {isa = PBXFileReference; lastKnownFileType = folder.assetcatalog; path = Assets.xcassets; sourceTree = "<group>"; };
		2EB77F932685B0BB00E8C536 /* Preview Assets.xcassets */ = {isa = PBXFileReference; lastKnownFileType = folder.assetcatalog; path = "Preview Assets.xcassets"; sourceTree = "<group>"; };
		2EB77F952685B0BB00E8C536 /* Info.plist */ = {isa = PBXFileReference; lastKnownFileType = text.plist.xml; path = Info.plist; sourceTree = "<group>"; };
		2EB77FE92685C50800E8C536 /* LearnSwiftUI.entitlements */ = {isa = PBXFileReference; lastKnownFileType = text.plist.entitlements; path = LearnSwiftUI.entitlements; sourceTree = "<group>"; };
		32B63DAB7B9546C3F5CB18F5 /* Pods_LearnSwiftUI.framework */ = {isa = PBXFileReference; explicitFileType = wrapper.framework; includeInIndex = 0; path = Pods_LearnSwiftUI.framework; sourceTree = BUILT_PRODUCTS_DIR; };
		356D43BE6D999D81B390B5C2 /* Pods-LearnSwiftUI.release.xcconfig */ = {isa = PBXFileReference; includeInIndex = 1; lastKnownFileType = text.xcconfig; name = "Pods-LearnSwiftUI.release.xcconfig"; path = "Target Support Files/Pods-LearnSwiftUI/Pods-LearnSwiftUI.release.xcconfig"; sourceTree = "<group>"; };
/* End PBXFileReference section */

/* Begin PBXFrameworksBuildPhase section */
		2EB77F862685B0B900E8C536 /* Frameworks */ = {
			isa = PBXFrameworksBuildPhase;
			buildActionMask = 2147483647;
			files = (
				9F324F0036CA0BBF6D8A3F82 /* Pods_LearnSwiftUI.framework in Frameworks */,
			);
			runOnlyForDeploymentPostprocessing = 0;
		};
/* End PBXFrameworksBuildPhase section */

/* Begin PBXGroup section */
		2E7329211B7AE2E5C5066B3E /* Pods */ = {
			isa = PBXGroup;
			children = (
				283A530C75BD4A8AD13355F3 /* Pods-LearnSwiftUI.debug.xcconfig */,
				356D43BE6D999D81B390B5C2 /* Pods-LearnSwiftUI.release.xcconfig */,
			);
			path = Pods;
			sourceTree = "<group>";
		};
		2EB3A236268C610900DE3C8D /* Resources */ = {
			isa = PBXGroup;
			children = (
			);
			path = Resources;
			sourceTree = "<group>";
		};
		2EB3A237268C61CE00DE3C8D /* Generated */ = {
			isa = PBXGroup;
			children = (
				2EB3A23D268C638F00DE3C8D /* Assets-Gen.swift */,
				2EB3A23C268C638F00DE3C8D /* Strings-Gen.swift */,
			);
			path = Generated;
			sourceTree = "<group>";
		};
		2EB77F802685B0B900E8C536 = {
			isa = PBXGroup;
			children = (
				2EB77F8B2685B0B900E8C536 /* LearnSwiftUI */,
				2EB77F8A2685B0B900E8C536 /* Products */,
				2E7329211B7AE2E5C5066B3E /* Pods */,
				57AFAB3B7F5D761DC13AEC92 /* Frameworks */,
			);
			sourceTree = "<group>";
		};
		2EB77F8A2685B0B900E8C536 /* Products */ = {
			isa = PBXGroup;
			children = (
				2EB77F892685B0B900E8C536 /* LearnSwiftUI.app */,
			);
			name = Products;
			sourceTree = "<group>";
		};
		2EB77F8B2685B0B900E8C536 /* LearnSwiftUI */ = {
			isa = PBXGroup;
			children = (
				2EB3A237268C61CE00DE3C8D /* Generated */,
				2EB3A236268C610900DE3C8D /* Resources */,
				2EB77FE92685C50800E8C536 /* LearnSwiftUI.entitlements */,
				2EB77F902685B0BB00E8C536 /* Assets.xcassets */,
				2EB77F8C2685B0B900E8C536 /* LearnSwiftUIApp.swift */,
				2EB77F8E2685B0B900E8C536 /* ContentView.swift */,
				2EB77F952685B0BB00E8C536 /* Info.plist */,
				2EB77F922685B0BB00E8C536 /* Preview Content */,
				2EB3A235268C602C00DE3C8D /* swiftgen.yml */,
				2EB3A239268C633800DE3C8D /* Localizable.strings */,
			);
			path = LearnSwiftUI;
			sourceTree = "<group>";
		};
		2EB77F922685B0BB00E8C536 /* Preview Content */ = {
			isa = PBXGroup;
			children = (
				2EB77F932685B0BB00E8C536 /* Preview Assets.xcassets */,
			);
			path = "Preview Content";
			sourceTree = "<group>";
		};
		57AFAB3B7F5D761DC13AEC92 /* Frameworks */ = {
			isa = PBXGroup;
			children = (
				32B63DAB7B9546C3F5CB18F5 /* Pods_LearnSwiftUI.framework */,
			);
			name = Frameworks;
			sourceTree = "<group>";
		};
/* End PBXGroup section */

/* Begin PBXNativeTarget section */
		2EB77F882685B0B900E8C536 /* LearnSwiftUI */ = {
			isa = PBXNativeTarget;
			buildConfigurationList = 2EB77F982685B0BB00E8C536 /* Build configuration list for PBXNativeTarget "LearnSwiftUI" */;
			buildPhases = (
				1BBDEA78DD6D938F8A17522E /* [CP] Check Pods Manifest.lock */,
				2EB77F852685B0B900E8C536 /* Sources */,
				2EB77F862685B0B900E8C536 /* Frameworks */,
				2EB77F872685B0B900E8C536 /* Resources */,
			);
			buildRules = (
			);
			dependencies = (
			);
			name = LearnSwiftUI;
			productName = LearnSwiftUI;
			productReference = 2EB77F892685B0B900E8C536 /* LearnSwiftUI.app */;
			productType = "com.apple.product-type.application";
		};
/* End PBXNativeTarget section */

/* Begin PBXProject section */
		2EB77F812685B0B900E8C536 /* Project object */ = {
			isa = PBXProject;
			attributes = {
				LastSwiftUpdateCheck = 1240;
				LastUpgradeCheck = 1240;
				TargetAttributes = {
					2EB77F882685B0B900E8C536 = {
						CreatedOnToolsVersion = 12.4;
					};
				};
			};
			buildConfigurationList = 2EB77F842685B0B900E8C536 /* Build configuration list for PBXProject "LearnSwiftUI" */;
			compatibilityVersion = "Xcode 9.3";
			developmentRegion = en;
			hasScannedForEncodings = 0;
			knownRegions = (
				en,
				Base,
			);
			mainGroup = 2EB77F802685B0B900E8C536;
			productRefGroup = 2EB77F8A2685B0B900E8C536 /* Products */;
			projectDirPath = "";
			projectRoot = "";
			targets = (
				2EB77F882685B0B900E8C536 /* LearnSwiftUI */,
			);
		};
/* End PBXProject section */

/* Begin PBXResourcesBuildPhase section */
		2EB77F872685B0B900E8C536 /* Resources */ = {
			isa = PBXResourcesBuildPhase;
			buildActionMask = 2147483647;
			files = (
				2EB77F942685B0BB00E8C536 /* Preview Assets.xcassets in Resources */,
				2EB3A23A268C633800DE3C8D /* Localizable.strings in Resources */,
				2EB77F912685B0BB00E8C536 /* Assets.xcassets in Resources */,
			);
			runOnlyForDeploymentPostprocessing = 0;
		};
/* End PBXResourcesBuildPhase section */

/* Begin PBXShellScriptBuildPhase section */
		1BBDEA78DD6D938F8A17522E /* [CP] Check Pods Manifest.lock */ = {
			isa = PBXShellScriptBuildPhase;
			buildActionMask = 2147483647;
			files = (
			);
			inputFileListPaths = (
			);
			inputPaths = (
				"${PODS_PODFILE_DIR_PATH}/Podfile.lock",
				"${PODS_ROOT}/Manifest.lock",
			);
			name = "[CP] Check Pods Manifest.lock";
			outputFileListPaths = (
			);
			outputPaths = (
				"$(DERIVED_FILE_DIR)/Pods-LearnSwiftUI-checkManifestLockResult.txt",
			);
			runOnlyForDeploymentPostprocessing = 0;
			shellPath = /bin/sh;
			shellScript = "diff \"${PODS_PODFILE_DIR_PATH}/Podfile.lock\" \"${PODS_ROOT}/Manifest.lock\" > /dev/null\nif [ $? != 0 ] ; then\n    # print error to STDERR\n    echo \"error: The sandbox is not in sync with the Podfile.lock. Run 'pod install' or update your CocoaPods installation.\" >&2\n    exit 1\nfi\n# This output is used by Xcode 'outputs' to avoid re-running this script phase.\necho \"SUCCESS\" > \"${SCRIPT_OUTPUT_FILE_0}\"\n";
			showEnvVarsInLog = 0;
		};
/* End PBXShellScriptBuildPhase section */

/* Begin PBXSourcesBuildPhase section */
		2EB77F852685B0B900E8C536 /* Sources */ = {
			isa = PBXSourcesBuildPhase;
			buildActionMask = 2147483647;
			files = (
				2EB77F8F2685B0B900E8C536 /* ContentView.swift in Sources */,
				2EB3A23F268C638F00DE3C8D /* Assets-Gen.swift in Sources */,
				2EB77F8D2685B0B900E8C536 /* LearnSwiftUIApp.swift in Sources */,
				2EB3A23E268C638F00DE3C8D /* Strings-Gen.swift in Sources */,
			);
			runOnlyForDeploymentPostprocessing = 0;
		};
/* End PBXSourcesBuildPhase section */

/* Begin XCBuildConfiguration section */
		2EB77F962685B0BB00E8C536 /* Debug */ = {
			isa = XCBuildConfiguration;
			buildSettings = {
				ALWAYS_SEARCH_USER_PATHS = NO;
				CLANG_ANALYZER_NONNULL = YES;
				CLANG_ANALYZER_NUMBER_OBJECT_CONVERSION = YES_AGGRESSIVE;
				CLANG_CXX_LANGUAGE_STANDARD = "gnu++14";
				CLANG_CXX_LIBRARY = "libc++";
				CLANG_ENABLE_MODULES = YES;
				CLANG_ENABLE_OBJC_ARC = YES;
				CLANG_ENABLE_OBJC_WEAK = YES;
				CLANG_WARN_BLOCK_CAPTURE_AUTORELEASING = YES;
				CLANG_WARN_BOOL_CONVERSION = YES;
				CLANG_WARN_COMMA = YES;
				CLANG_WARN_CONSTANT_CONVERSION = YES;
				CLANG_WARN_DEPRECATED_OBJC_IMPLEMENTATIONS = YES;
				CLANG_WARN_DIRECT_OBJC_ISA_USAGE = YES_ERROR;
				CLANG_WARN_DOCUMENTATION_COMMENTS = YES;
				CLANG_WARN_EMPTY_BODY = YES;
				CLANG_WARN_ENUM_CONVERSION = YES;
				CLANG_WARN_INFINITE_RECURSION = YES;
				CLANG_WARN_INT_CONVERSION = YES;
				CLANG_WARN_NON_LITERAL_NULL_CONVERSION = YES;
				CLANG_WARN_OBJC_IMPLICIT_RETAIN_SELF = YES;
				CLANG_WARN_OBJC_LITERAL_CONVERSION = YES;
				CLANG_WARN_OBJC_ROOT_CLASS = YES_ERROR;
				CLANG_WARN_QUOTED_INCLUDE_IN_FRAMEWORK_HEADER = YES;
				CLANG_WARN_RANGE_LOOP_ANALYSIS = YES;
				CLANG_WARN_STRICT_PROTOTYPES = YES;
				CLANG_WARN_SUSPICIOUS_MOVE = YES;
				CLANG_WARN_UNGUARDED_AVAILABILITY = YES_AGGRESSIVE;
				CLANG_WARN_UNREACHABLE_CODE = YES;
				CLANG_WARN__DUPLICATE_METHOD_MATCH = YES;
				COPY_PHASE_STRIP = NO;
				DEBUG_INFORMATION_FORMAT = dwarf;
				ENABLE_STRICT_OBJC_MSGSEND = YES;
				ENABLE_TESTABILITY = YES;
				GCC_C_LANGUAGE_STANDARD = gnu11;
				GCC_DYNAMIC_NO_PIC = NO;
				GCC_NO_COMMON_BLOCKS = YES;
				GCC_OPTIMIZATION_LEVEL = 0;
				GCC_PREPROCESSOR_DEFINITIONS = (
					"DEBUG=1",
					"$(inherited)",
				);
				GCC_WARN_64_TO_32_BIT_CONVERSION = YES;
				GCC_WARN_ABOUT_RETURN_TYPE = YES_ERROR;
				GCC_WARN_UNDECLARED_SELECTOR = YES;
				GCC_WARN_UNINITIALIZED_AUTOS = YES_AGGRESSIVE;
				GCC_WARN_UNUSED_FUNCTION = YES;
				GCC_WARN_UNUSED_VARIABLE = YES;
				IPHONEOS_DEPLOYMENT_TARGET = 14.4;
				MTL_ENABLE_DEBUG_INFO = INCLUDE_SOURCE;
				MTL_FAST_MATH = YES;
				ONLY_ACTIVE_ARCH = YES;
				SDKROOT = iphoneos;
				SWIFT_ACTIVE_COMPILATION_CONDITIONS = DEBUG;
				SWIFT_OPTIMIZATION_LEVEL = "-Onone";
			};
			name = Debug;
		};
		2EB77F972685B0BB00E8C536 /* Release */ = {
			isa = XCBuildConfiguration;
			buildSettings = {
				ALWAYS_SEARCH_USER_PATHS = NO;
				CLANG_ANALYZER_NONNULL = YES;
				CLANG_ANALYZER_NUMBER_OBJECT_CONVERSION = YES_AGGRESSIVE;
				CLANG_CXX_LANGUAGE_STANDARD = "gnu++14";
				CLANG_CXX_LIBRARY = "libc++";
				CLANG_ENABLE_MODULES = YES;
				CLANG_ENABLE_OBJC_ARC = YES;
				CLANG_ENABLE_OBJC_WEAK = YES;
				CLANG_WARN_BLOCK_CAPTURE_AUTORELEASING = YES;
				CLANG_WARN_BOOL_CONVERSION = YES;
				CLANG_WARN_COMMA = YES;
				CLANG_WARN_CONSTANT_CONVERSION = YES;
				CLANG_WARN_DEPRECATED_OBJC_IMPLEMENTATIONS = YES;
				CLANG_WARN_DIRECT_OBJC_ISA_USAGE = YES_ERROR;
				CLANG_WARN_DOCUMENTATION_COMMENTS = YES;
				CLANG_WARN_EMPTY_BODY = YES;
				CLANG_WARN_ENUM_CONVERSION = YES;
				CLANG_WARN_INFINITE_RECURSION = YES;
				CLANG_WARN_INT_CONVERSION = YES;
				CLANG_WARN_NON_LITERAL_NULL_CONVERSION = YES;
				CLANG_WARN_OBJC_IMPLICIT_RETAIN_SELF = YES;
				CLANG_WARN_OBJC_LITERAL_CONVERSION = YES;
				CLANG_WARN_OBJC_ROOT_CLASS = YES_ERROR;
				CLANG_WARN_QUOTED_INCLUDE_IN_FRAMEWORK_HEADER = YES;
				CLANG_WARN_RANGE_LOOP_ANALYSIS = YES;
				CLANG_WARN_STRICT_PROTOTYPES = YES;
				CLANG_WARN_SUSPICIOUS_MOVE = YES;
				CLANG_WARN_UNGUARDED_AVAILABILITY = YES_AGGRESSIVE;
				CLANG_WARN_UNREACHABLE_CODE = YES;
				CLANG_WARN__DUPLICATE_METHOD_MATCH = YES;
				COPY_PHASE_STRIP = NO;
				DEBUG_INFORMATION_FORMAT = "dwarf-with-dsym";
				ENABLE_NS_ASSERTIONS = NO;
				ENABLE_STRICT_OBJC_MSGSEND = YES;
				GCC_C_LANGUAGE_STANDARD = gnu11;
				GCC_NO_COMMON_BLOCKS = YES;
				GCC_WARN_64_TO_32_BIT_CONVERSION = YES;
				GCC_WARN_ABOUT_RETURN_TYPE = YES_ERROR;
				GCC_WARN_UNDECLARED_SELECTOR = YES;
				GCC_WARN_UNINITIALIZED_AUTOS = YES_AGGRESSIVE;
				GCC_WARN_UNUSED_FUNCTION = YES;
				GCC_WARN_UNUSED_VARIABLE = YES;
				IPHONEOS_DEPLOYMENT_TARGET = 14.4;
				MTL_ENABLE_DEBUG_INFO = NO;
				MTL_FAST_MATH = YES;
				SDKROOT = iphoneos;
				SWIFT_COMPILATION_MODE = wholemodule;
				SWIFT_OPTIMIZATION_LEVEL = "-O";
				VALIDATE_PRODUCT = YES;
			};
			name = Release;
		};
		2EB77F992685B0BB00E8C536 /* Debug */ = {
			isa = XCBuildConfiguration;
			baseConfigurationReference = 283A530C75BD4A8AD13355F3 /* Pods-LearnSwiftUI.debug.xcconfig */;
			buildSettings = {
				ASSETCATALOG_COMPILER_APPICON_NAME = AppIcon;
				ASSETCATALOG_COMPILER_GLOBAL_ACCENT_COLOR_NAME = AccentColor;
				CODE_SIGN_ENTITLEMENTS = LearnSwiftUI/LearnSwiftUI.entitlements;
				CODE_SIGN_STYLE = Automatic;
				DEVELOPMENT_ASSET_PATHS = "\"LearnSwiftUI/Preview Content\"";
				DEVELOPMENT_TEAM = 7VA7N3EEEN;
				ENABLE_PREVIEWS = YES;
				INFOPLIST_FILE = LearnSwiftUI/Info.plist;
				IPHONEOS_DEPLOYMENT_TARGET = 14.0;
				LD_RUNPATH_SEARCH_PATHS = (
					"$(inherited)",
					"@executable_path/Frameworks",
				);
				PRODUCT_BUNDLE_IDENTIFIER = haiphan.LearnSwiftUI;
				PRODUCT_NAME = "$(TARGET_NAME)";
				SWIFT_VERSION = 5.0;
				TARGETED_DEVICE_FAMILY = "1,2";
			};
			name = Debug;
		};
		2EB77F9A2685B0BB00E8C536 /* Release */ = {
			isa = XCBuildConfiguration;
			baseConfigurationReference = 356D43BE6D999D81B390B5C2 /* Pods-LearnSwiftUI.release.xcconfig */;
			buildSettings = {
				ASSETCATALOG_COMPILER_APPICON_NAME = AppIcon;
				ASSETCATALOG_COMPILER_GLOBAL_ACCENT_COLOR_NAME = AccentColor;
				CODE_SIGN_ENTITLEMENTS = LearnSwiftUI/LearnSwiftUI.entitlements;
				CODE_SIGN_STYLE = Automatic;
				DEVELOPMENT_ASSET_PATHS = "\"LearnSwiftUI/Preview Content\"";
				DEVELOPMENT_TEAM = 7VA7N3EEEN;
				ENABLE_PREVIEWS = YES;
				INFOPLIST_FILE = LearnSwiftUI/Info.plist;
				IPHONEOS_DEPLOYMENT_TARGET = 14.0;
				LD_RUNPATH_SEARCH_PATHS = (
					"$(inherited)",
					"@executable_path/Frameworks",
				);
				PRODUCT_BUNDLE_IDENTIFIER = haiphan.LearnSwiftUI;
				PRODUCT_NAME = "$(TARGET_NAME)";
				SWIFT_VERSION = 5.0;
				TARGETED_DEVICE_FAMILY = "1,2";
			};
			name = Release;
		};
/* End XCBuildConfiguration section */

/* Begin XCConfigurationList section */
		2EB77F842685B0B900E8C536 /* Build configuration list for PBXProject "LearnSwiftUI" */ = {
			isa = XCConfigurationList;
			buildConfigurations = (
				2EB77F962685B0BB00E8C536 /* Debug */,
				2EB77F972685B0BB00E8C536 /* Release */,
			);
			defaultConfigurationIsVisible = 0;
			defaultConfigurationName = Release;
		};
		2EB77F982685B0BB00E8C536 /* Build configuration list for PBXNativeTarget "LearnSwiftUI" */ = {
			isa = XCConfigurationList;
			buildConfigurations = (
				2EB77F992685B0BB00E8C536 /* Debug */,
				2EB77F9A2685B0BB00E8C536 /* Release */,
			);
			defaultConfigurationIsVisible = 0;
			defaultConfigurationName = Release;
		};
/* End XCConfigurationList section */
	};
	rootObject = 2EB77F812685B0B900E8C536 /* Project object */;
}
